<?xml version="1.0" encoding="utf-8"?>
<Project ToolsVersion="4.0" xmlns="http://schemas.microsoft.com/developer/msbuild/2003">
  <ItemGroup>
    <Filter Include="Source Files">
      <UniqueIdentifier>{4FC737F1-C7A5-4376-A066-2A32D752A2FF}</UniqueIdentifier>
      <Extensions>cpp;c;cc;cxx;c++;cppm;ixx;def;odl;idl;hpj;bat;asm;asmx</Extensions>
    </Filter>
    <Filter Include="Header Files">
      <UniqueIdentifier>{93995380-89BD-4b04-88EB-625FBE52EBFB}</UniqueIdentifier>
      <Extensions>h;hh;hpp;hxx;h++;hm;inl;inc;ipp;xsd</Extensions>
    </Filter>
    <Filter Include="Resource Files">
      <UniqueIdentifier>{67DA6AB6-F800-4c08-8B7A-83BB121AAD01}</UniqueIdentifier>
      <Extensions>rc;ico;cur;bmp;dlg;rc2;rct;bin;rgs;gif;jpg;jpeg;jpe;resx;tiff;tif;png;wav;mfcribbon-ms</Extensions>
    </Filter>
    <Filter Include="Source Files\GettingStarted">
      <UniqueIdentifier>{19894860-3a51-4cfe-bb68-17e07cbab793}</UniqueIdentifier>
    </Filter>
    <Filter Include="Header Files\GettingStarted">
      <UniqueIdentifier>{b58ac31f-e782-435f-9ac6-1ba1b67ad7c0}</UniqueIdentifier>
    </Filter>
    <Filter Include="Resource Files\textures">
      <UniqueIdentifier>{73c29a70-9f39-4849-815d-1a4fa80ea9c6}</UniqueIdentifier>
    </Filter>
  </ItemGroup>
  <ItemGroup>
    <ClCompile Include="_main.cpp">
      <Filter>Source Files</Filter>
    </ClCompile>
    <ClCompile Include="tests.cpp">
      <Filter>Source Files</Filter>
    </ClCompile>
    <ClCompile Include="glad33.c">
      <Filter>Source Files</Filter>
    </ClCompile>
    <ClCompile Include="glad43.c">
      <Filter>Source Files</Filter>
    </ClCompile>
    <ClCompile Include="shaders.cpp">
      <Filter>Source Files</Filter>
    </ClCompile>
    <ClCompile Include="01_gettingstarted\_getting_started.cpp">
      <Filter>Source Files\GettingStarted</Filter>
    </ClCompile>
    <ClCompile Include="01_gettingstarted\triangle.cpp">
      <Filter>Source Files\GettingStarted</Filter>
    </ClCompile>
    <ClCompile Include="01_gettingstarted\shaders_practice.cpp">
      <Filter>Source Files\GettingStarted</Filter>
    </ClCompile>
    <ClCompile Include="01_gettingstarted\textures.cpp">
      <Filter>Source Files\GettingStarted</Filter>
    </ClCompile>
    <ClCompile Include="01_gettingstarted\stb_image.cpp">
      <Filter>Source Files</Filter>
    </ClCompile>
  </ItemGroup>
  <ItemGroup>
    <ClInclude Include="shaders.h">
      <Filter>Header Files</Filter>
    </ClInclude>
    <ClInclude Include="helpers.h">
      <Filter>Header Files</Filter>
    </ClInclude>
    <ClInclude Include="01_gettingstarted\getting_started.h">
      <Filter>Header Files\GettingStarted</Filter>
    </ClInclude>
  </ItemGroup>
  <ItemGroup>
    <None Include="01_gettingstarted\triangle_color2_fs.glsl">
      <Filter>Source Files\GettingStarted</Filter>
    </None>
    <None Include="01_gettingstarted\triangle_fs.glsl">
      <Filter>Source Files\GettingStarted</Filter>
    </None>
    <None Include="01_gettingstarted\triangle_vs.glsl">
      <Filter>Source Files\GettingStarted</Filter>
    </None>
    <None Include="01_gettingstarted\shaders_vs.glsl">
      <Filter>Source Files\GettingStarted</Filter>
    </None>
    <None Include="01_gettingstarted\shaders_fs.glsl">
      <Filter>Source Files\GettingStarted</Filter>
    </None>
    <None Include="01_gettingstarted\shaders_uniform_fs.glsl">
      <Filter>Source Files\GettingStarted</Filter>
    </None>
    <None Include="01_gettingstarted\shaders_attributes_vs.glsl">
      <Filter>Source Files\GettingStarted</Filter>
    </None>
    <None Include="01_gettingstarted\shaders_attributes_fs.glsl">
      <Filter>Source Files\GettingStarted</Filter>
    </None>
    <None Include="README.md">
      <Filter>Resource Files</Filter>
    </None>
    <None Include="01_gettingstarted\textures_vs.glsl">
      <Filter>Source Files\GettingStarted</Filter>
    </None>
    <None Include="01_gettingstarted\textures_fs.glsl">
      <Filter>Source Files\GettingStarted</Filter>
    </None>
  </ItemGroup>
  <ItemGroup>
    <Image Include="textures\crate1_diffuse.png">
      <Filter>Resource Files\textures</Filter>
    </Image>
    <Image Include="textures\greendragon.jpg">
      <Filter>Resource Files\textures</Filter>
    </Image>
  </ItemGroup>
</Project>